
Microsoft Visual Studio Solution File, Format Version 12.00
# Visual Studio 15
VisualStudioVersion = 15.0.27703.2035
MinimumVisualStudioVersion = 10.0.40219.1
Project("{FAE04EC0-301F-11D3-BF4B-00C04F79EFBC}") = "VS-MysqlFramework", "VS-MysqlFramework\VS-MysqlFramework.csproj", "{914C1AA7-5D0E-4542-AA99-DCFCDE6650F7}"
EndProject
Global
	GlobalSection(SolutionConfigurationPlatforms) = preSolution
		Debug|Any CPU = Debug|Any CPU
		Release|Any CPU = Release|Any CPU
	EndGlobalSection
	GlobalSection(ProjectConfigurationPlatforms) = postSolution
		{914C1AA7-5D0E-4542-AA99-DCFCDE6650F7}.Debug|Any CPU.ActiveCfg = Debug|Any CPU
		{914C1AA7-5D0E-4542-AA99-DCFCDE6650F7}.Debug|Any CPU.Build.0 = Debug|Any CPU
		{914C1AA7-5D0E-4542-AA99-DCFCDE6650F7}.Release|Any CPU.ActiveCfg = Release|Any CPU
		{914C1AA7-5D0E-4542-AA99-DCFCDE6650F7}.Release|Any CPU.Build.0 = Release|Any CPU
	EndGlobalSection
	GlobalSection(SolutionProperties) = preSolution
		HideSolutionNode = FALSE
	EndGlobalSection
	GlobalSection(ExtensibilityGlobals) = postSolution
		SolutionGuid = {23076409-2C54-424F-879D-C58EB1BAF7B8}
	EndGlobalSection
EndGlobal
